// !$*UTF8*$!
{
	archiveVersion = 1;
	classes = {
	};
	objectVersion = 50;
	objects = {

/* Begin PBXBuildFile section */
		B4A184A8228A75840021C4AE /* ViewController3.swift in Sources */ = {isa = PBXBuildFile; fileRef = B4A184A7228A75840021C4AE /* ViewController3.swift */; };
		B4D7061722890D5600605F84 /* AppDelegate.swift in Sources */ = {isa = PBXBuildFile; fileRef = B4D7061622890D5600605F84 /* AppDelegate.swift */; };
		B4D7061922890D5700605F84 /* ViewController.swift in Sources */ = {isa = PBXBuildFile; fileRef = B4D7061822890D5700605F84 /* ViewController.swift */; };
		B4D7061C22890D5700605F84 /* Main.storyboard in Resources */ = {isa = PBXBuildFile; fileRef = B4D7061A22890D5700605F84 /* Main.storyboard */; };
		B4D7061E22890D5900605F84 /* Assets.xcassets in Resources */ = {isa = PBXBuildFile; fileRef = B4D7061D22890D5900605F84 /* Assets.xcassets */; };
		B4D7062122890D5900605F84 /* LaunchScreen.storyboard in Resources */ = {isa = PBXBuildFile; fileRef = B4D7061F22890D5900605F84 /* LaunchScreen.storyboard */; };
		B4D7062C22890D5900605F84 /* AppTests.swift in Sources */ = {isa = PBXBuildFile; fileRef = B4D7062B22890D5900605F84 /* AppTests.swift */; };
		B4D7063722890D5900605F84 /* AppUITests.swift in Sources */ = {isa = PBXBuildFile; fileRef = B4D7063622890D5900605F84 /* AppUITests.swift */; };
		B4D7064522893F0000605F84 /* tableViewCell.swift in Sources */ = {isa = PBXBuildFile; fileRef = B4D7064422893F0000605F84 /* tableViewCell.swift */; };
		B4D706472289407000605F84 /* File.swift in Sources */ = {isa = PBXBuildFile; fileRef = B4D706462289407000605F84 /* File.swift */; };
		B4D70649228945CA00605F84 /* ViewController2.swift in Sources */ = {isa = PBXBuildFile; fileRef = B4D70648228945CA00605F84 /* ViewController2.swift */; };
/* End PBXBuildFile section */

/* Begin PBXContainerItemProxy section */
		B4D7062822890D5900605F84 /* PBXContainerItemProxy */ = {
			isa = PBXContainerItemProxy;
			containerPortal = B4D7060B22890D5600605F84 /* Project object */;
			proxyType = 1;
			remoteGlobalIDString = B4D7061222890D5600605F84;
			remoteInfo = App;
		};
		B4D7063322890D5900605F84 /* PBXContainerItemProxy */ = {
			isa = PBXContainerItemProxy;
			containerPortal = B4D7060B22890D5600605F84 /* Project object */;
			proxyType = 1;
			remoteGlobalIDString = B4D7061222890D5600605F84;
			remoteInfo = App;
		};
/* End PBXContainerItemProxy section */

/* Begin PBXFileReference section */
		B4A184A7228A75840021C4AE /* ViewController3.swift */ = {isa = PBXFileReference; lastKnownFileType = sourcecode.swift; path = ViewController3.swift; sourceTree = "<group>"; };
		B4D7061322890D5600605F84 /* App.app */ = {isa = PBXFileReference; explicitFileType = wrapper.application; includeInIndex = 0; path = App.app; sourceTree = BUILT_PRODUCTS_DIR; };
		B4D7061622890D5600605F84 /* AppDelegate.swift */ = {isa = PBXFileReference; lastKnownFileType = sourcecode.swift; path = AppDelegate.swift; sourceTree = "<group>"; };
		B4D7061822890D5700605F84 /* ViewController.swift */ = {isa = PBXFileReference; lastKnownFileType = sourcecode.swift; path = ViewController.swift; sourceTree = "<group>"; };
		B4D7061B22890D5700605F84 /* Base */ = {isa = PBXFileReference; lastKnownFileType = file.storyboard; name = Base; path = Base.lproj/Main.storyboard; sourceTree = "<group>"; };
		B4D7061D22890D5900605F84 /* Assets.xcassets */ = {isa = PBXFileReference; lastKnownFileType = folder.assetcatalog; path = Assets.xcassets; sourceTree = "<group>"; };
		B4D7062022890D5900605F84 /* Base */ = {isa = PBXFileReference; lastKnownFileType = file.storyboard; name = Base; path = Base.lproj/LaunchScreen.storyboard; sourceTree = "<group>"; };
		B4D7062222890D5900605F84 /* Info.plist */ = {isa = PBXFileReference; lastKnownFileType = text.plist.xml; path = Info.plist; sourceTree = "<group>"; };
		B4D7062722890D5900605F84 /* AppTests.xctest */ = {isa = PBXFileReference; explicitFileType = wrapper.cfbundle; includeInIndex = 0; path = AppTests.xctest; sourceTree = BUILT_PRODUCTS_DIR; };
		B4D7062B22890D5900605F84 /* AppTests.swift */ = {isa = PBXFileReference; lastKnownFileType = sourcecode.swift; path = AppTests.swift; sourceTree = "<group>"; };
		B4D7062D22890D5900605F84 /* Info.plist */ = {isa = PBXFileReference; lastKnownFileType = text.plist.xml; path = Info.plist; sourceTree = "<group>"; };
		B4D7063222890D5900605F84 /* AppUITests.xctest */ = {isa = PBXFileReference; explicitFileType = wrapper.cfbundle; includeInIndex = 0; path = AppUITests.xctest; sourceTree = BUILT_PRODUCTS_DIR; };
		B4D7063622890D5900605F84 /* AppUITests.swift */ = {isa = PBXFileReference; lastKnownFileType = sourcecode.swift; path = AppUITests.swift; sourceTree = "<group>"; };
		B4D7063822890D5900605F84 /* Info.plist */ = {isa = PBXFileReference; lastKnownFileType = text.plist.xml; path = Info.plist; sourceTree = "<group>"; };
		B4D7064422893F0000605F84 /* tableViewCell.swift */ = {isa = PBXFileReference; lastKnownFileType = sourcecode.swift; path = tableViewCell.swift; sourceTree = "<group>"; };
		B4D706462289407000605F84 /* File.swift */ = {isa = PBXFileReference; lastKnownFileType = sourcecode.swift; path = File.swift; sourceTree = "<group>"; };
		B4D70648228945CA00605F84 /* ViewController2.swift */ = {isa = PBXFileReference; lastKnownFileType = sourcecode.swift; path = ViewController2.swift; sourceTree = "<group>"; };
/* End PBXFileReference section */

/* Begin PBXFrameworksBuildPhase section */
		B4D7061022890D5600605F84 /* Frameworks */ = {
			isa = PBXFrameworksBuildPhase;
			buildActionMask = 2147483647;
			files = (
			);
			runOnlyForDeploymentPostprocessing = 0;
		};
		B4D7062422890D5900605F84 /* Frameworks */ = {
			isa = PBXFrameworksBuildPhase;
			buildActionMask = 2147483647;
			files = (
			);
			runOnlyForDeploymentPostprocessing = 0;
		};
		B4D7062F22890D5900605F84 /* Frameworks */ = {
			isa = PBXFrameworksBuildPhase;
			buildActionMask = 2147483647;
			files = (
			);
			runOnlyForDeploymentPostprocessing = 0;
		};
/* End PBXFrameworksBuildPhase section */

/* Begin PBXGroup section */
		B4D7060A22890D5600605F84 = {
			isa = PBXGroup;
			children = (
				B4D7061522890D5600605F84 /* App */,
				B4D7062A22890D5900605F84 /* AppTests */,
				B4D7063522890D5900605F84 /* AppUITests */,
				B4D7061422890D5600605F84 /* Products */,
			);
			sourceTree = "<group>";
		};
		B4D7061422890D5600605F84 /* Products */ = {
			isa = PBXGroup;
			children = (
				B4D7061322890D5600605F84 /* App.app */,
				B4D7062722890D5900605F84 /* AppTests.xctest */,
				B4D7063222890D5900605F84 /* AppUITests.xctest */,
			);
			name = Products;
			sourceTree = "<group>";
		};
		B4D7061522890D5600605F84 /* App */ = {
			isa = PBXGroup;
			children = (
				B4D7061622890D5600605F84 /* AppDelegate.swift */,
				B4D7061822890D5700605F84 /* ViewController.swift */,
				B4D7061A22890D5700605F84 /* Main.storyboard */,
				B4D7061D22890D5900605F84 /* Assets.xcassets */,
				B4D7061F22890D5900605F84 /* LaunchScreen.storyboard */,
				B4D7062222890D5900605F84 /* Info.plist */,
				B4D7064422893F0000605F84 /* tableViewCell.swift */,
				B4D706462289407000605F84 /* File.swift */,
				B4D70648228945CA00605F84 /* ViewController2.swift */,
				B4A184A7228A75840021C4AE /* ViewController3.swift */,
			);
			path = App;
			sourceTree = "<group>";
		};
		B4D7062A22890D5900605F84 /* AppTests */ = {
			isa = PBXGroup;
			children = (
				B4D7062B22890D5900605F84 /* AppTests.swift */,
				B4D7062D22890D5900605F84 /* Info.plist */,
			);
			path = AppTests;
			sourceTree = "<group>";
		};
		B4D7063522890D5900605F84 /* AppUITests */ = {
			isa = PBXGroup;
			children = (
				B4D7063622890D5900605F84 /* AppUITests.swift */,
				B4D7063822890D5900605F84 /* Info.plist */,
			);
			path = AppUITests;
			sourceTree = "<group>";
		};
/* End PBXGroup section */

/* Begin PBXNativeTarget section */
		B4D7061222890D5600605F84 /* App */ = {
			isa = PBXNativeTarget;
			buildConfigurationList = B4D7063B22890D5900605F84 /* Build configuration list for PBXNativeTarget "App" */;
			buildPhases = (
				B4D7060F22890D5600605F84 /* Sources */,
				B4D7061022890D5600605F84 /* Frameworks */,
				B4D7061122890D5600605F84 /* Resources */,
			);
			buildRules = (
			);
			dependencies = (
			);
			name = App;
			productName = App;
			productReference = B4D7061322890D5600605F84 /* App.app */;
			productType = "com.apple.product-type.application";
		};
		B4D7062622890D5900605F84 /* AppTests */ = {
			isa = PBXNativeTarget;
			buildConfigurationList = B4D7063E22890D5900605F84 /* Build configuration list for PBXNativeTarget "AppTests" */;
			buildPhases = (
				B4D7062322890D5900605F84 /* Sources */,
				B4D7062422890D5900605F84 /* Frameworks */,
				B4D7062522890D5900605F84 /* Resources */,
			);
			buildRules = (
			);
			dependencies = (
				B4D7062922890D5900605F84 /* PBXTargetDependency */,
			);
			name = AppTests;
			productName = AppTests;
			productReference = B4D7062722890D5900605F84 /* AppTests.xctest */;
			productType = "com.apple.product-type.bundle.unit-test";
		};
		B4D7063122890D5900605F84 /* AppUITests */ = {
			isa = PBXNativeTarget;
			buildConfigurationList = B4D7064122890D5900605F84 /* Build configuration list for PBXNativeTarget "AppUITests" */;
			buildPhases = (
				B4D7062E22890D5900605F84 /* Sources */,
				B4D7062F22890D5900605F84 /* Frameworks */,
				B4D7063022890D5900605F84 /* Resources */,
			);
			buildRules = (
			);
			dependencies = (
				B4D7063422890D5900605F84 /* PBXTargetDependency */,
			);
			name = AppUITests;
			productName = AppUITests;
			productReference = B4D7063222890D5900605F84 /* AppUITests.xctest */;
			productType = "com.apple.product-type.bundle.ui-testing";
		};
/* End PBXNativeTarget section */

/* Begin PBXProject section */
		B4D7060B22890D5600605F84 /* Project object */ = {
			isa = PBXProject;
			attributes = {
				LastSwiftUpdateCheck = 1010;
				LastUpgradeCheck = 1010;
				ORGANIZATIONNAME = "Nguyen Hoang Huy";
				TargetAttributes = {
					B4D7061222890D5600605F84 = {
						CreatedOnToolsVersion = 10.1;
					};
					B4D7062622890D5900605F84 = {
						CreatedOnToolsVersion = 10.1;
						TestTargetID = B4D7061222890D5600605F84;
					};
					B4D7063122890D5900605F84 = {
						CreatedOnToolsVersion = 10.1;
						TestTargetID = B4D7061222890D5600605F84;
					};
				};
			};
			buildConfigurationList = B4D7060E22890D5600605F84 /* Build configuration list for PBXProject "App" */;
			compatibilityVersion = "Xcode 9.3";
			developmentRegion = en;
			hasScannedForEncodings = 0;
			knownRegions = (
				en,
				Base,
			);
			mainGroup = B4D7060A22890D5600605F84;
			productRefGroup = B4D7061422890D5600605F84 /* Products */;
			projectDirPath = "";
			projectRoot = "";
			targets = (
				B4D7061222890D5600605F84 /* App */,
				B4D7062622890D5900605F84 /* AppTests */,
				B4D7063122890D5900605F84 /* AppUITests */,
			);
		};
/* End PBXProject section */

/* Begin PBXResourcesBuildPhase section */
		B4D7061122890D5600605F84 /* Resources */ = {
			isa = PBXResourcesBuildPhase;
			buildActionMask = 2147483647;
			files = (
				B4D7062122890D5900605F84 /* LaunchScreen.storyboard in Resources */,
				B4D7061E22890D5900605F84 /* Assets.xcassets in Resources */,
				B4D7061C22890D5700605F84 /* Main.storyboard in Resources */,
			);
			runOnlyForDeploymentPostprocessing = 0;
		};
		B4D7062522890D5900605F84 /* Resources */ = {
			isa = PBXResourcesBuildPhase;
			buildActionMask = 2147483647;
			files = (
			);
			runOnlyForDeploymentPostprocessing = 0;
		};
		B4D7063022890D5900605F84 /* Resources */ = {
			isa = PBXResourcesBuildPhase;
			buildActionMask = 2147483647;
			files = (
			);
			runOnlyForDeploymentPostprocessing = 0;
		};
/* End PBXResourcesBuildPhase section */

/* Begin PBXSourcesBuildPhase section */
		B4D7060F22890D5600605F84 /* Sources */ = {
			isa = PBXSourcesBuildPhase;
			buildActionMask = 2147483647;
			files = (
				B4D70649228945CA00605F84 /* ViewController2.swift in Sources */,
				B4D7061922890D5700605F84 /* ViewController.swift in Sources */,
				B4A184A8228A75840021C4AE /* ViewController3.swift in Sources */,
				B4D706472289407000605F84 /* File.swift in Sources */,
				B4D7061722890D5600605F84 /* AppDelegate.swift in Sources */,
				B4D7064522893F0000605F84 /* tableViewCell.swift in Sources */,
			);
			runOnlyForDeploymentPostprocessing = 0;
		};
		B4D7062322890D5900605F84 /* Sources */ = {
			isa = PBXSourcesBuildPhase;
			buildActionMask = 2147483647;
			files = (
				B4D7062C22890D5900605F84 /* AppTests.swift in Sources */,
			);
			runOnlyForDeploymentPostprocessing = 0;
		};
		B4D7062E22890D5900605F84 /* Sources */ = {
			isa = PBXSourcesBuildPhase;
			buildActionMask = 2147483647;
			files = (
				B4D7063722890D5900605F84 /* AppUITests.swift in Sources */,
			);
			runOnlyForDeploymentPostprocessing = 0;
		};
/* End PBXSourcesBuildPhase section */

/* Begin PBXTargetDependency section */
		B4D7062922890D5900605F84 /* PBXTargetDependency */ = {
			isa = PBXTargetDependency;
			target = B4D7061222890D5600605F84 /* App */;
			targetProxy = B4D7062822890D5900605F84 /* PBXContainerItemProxy */;
		};
		B4D7063422890D5900605F84 /* PBXTargetDependency */ = {
			isa = PBXTargetDependency;
			target = B4D7061222890D5600605F84 /* App */;
			targetProxy = B4D7063322890D5900605F84 /* PBXContainerItemProxy */;
		};
/* End PBXTargetDependency section */

/* Begin PBXVariantGroup section */
		B4D7061A22890D5700605F84 /* Main.storyboard */ = {
			isa = PBXVariantGroup;
			children = (
				B4D7061B22890D5700605F84 /* Base */,
			);
			name = Main.storyboard;
			sourceTree = "<group>";
		};
		B4D7061F22890D5900605F84 /* LaunchScreen.storyboard */ = {
			isa = PBXVariantGroup;
			children = (
				B4D7062022890D5900605F84 /* Base */,
			);
			name = LaunchScreen.storyboard;
			sourceTree = "<group>";
		};
/* End PBXVariantGroup section */

/* Begin XCBuildConfiguration section */
		B4D7063922890D5900605F84 /* Debug */ = {
			isa = XCBuildConfiguration;
			buildSettings = {
				ALWAYS_SEARCH_USER_PATHS = NO;
				CLANG_ANALYZER_NONNULL = YES;
				CLANG_ANALYZER_NUMBER_OBJECT_CONVERSION = YES_AGGRESSIVE;
				CLANG_CXX_LANGUAGE_STANDARD = "gnu++14";
				CLANG_CXX_LIBRARY = "libc++";
				CLANG_ENABLE_MODULES = YES;
				CLANG_ENABLE_OBJC_ARC = YES;
				CLANG_ENABLE_OBJC_WEAK = YES;
				CLANG_WARN_BLOCK_CAPTURE_AUTORELEASING = YES;
				CLANG_WARN_BOOL_CONVERSION = YES;
				CLANG_WARN_COMMA = YES;
				CLANG_WARN_CONSTANT_CONVERSION = YES;
				CLANG_WARN_DEPRECATED_OBJC_IMPLEMENTATIONS = YES;
				CLANG_WARN_DIRECT_OBJC_ISA_USAGE = YES_ERROR;
				CLANG_WARN_DOCUMENTATION_COMMENTS = YES;
				CLANG_WARN_EMPTY_BODY = YES;
				CLANG_WARN_ENUM_CONVERSION = YES;
				CLANG_WARN_INFINITE_RECURSION = YES;
				CLANG_WARN_INT_CONVERSION = YES;
				CLANG_WARN_NON_LITERAL_NULL_CONVERSION = YES;
				CLANG_WARN_OBJC_IMPLICIT_RETAIN_SELF = YES;
				CLANG_WARN_OBJC_LITERAL_CONVERSION = YES;
				CLANG_WARN_OBJC_ROOT_CLASS = YES_ERROR;
				CLANG_WARN_RANGE_LOOP_ANALYSIS = YES;
				CLANG_WARN_STRICT_PROTOTYPES = YES;
				CLANG_WARN_SUSPICIOUS_MOVE = YES;
				CLANG_WARN_UNGUARDED_AVAILABILITY = YES_AGGRESSIVE;
				CLANG_WARN_UNREACHABLE_CODE = YES;
				CLANG_WARN__DUPLICATE_METHOD_MATCH = YES;
				CODE_SIGN_IDENTITY = "iPhone Developer";
				COPY_PHASE_STRIP = NO;
				DEBUG_INFORMATION_FORMAT = dwarf;
				ENABLE_STRICT_OBJC_MSGSEND = YES;
				ENABLE_TESTABILITY = YES;
				GCC_C_LANGUAGE_STANDARD = gnu11;
				GCC_DYNAMIC_NO_PIC = NO;
				GCC_NO_COMMON_BLOCKS = YES;
				GCC_OPTIMIZATION_LEVEL = 0;
				GCC_PREPROCESSOR_DEFINITIONS = (
					"DEBUG=1",
					"$(inherited)",
				);
				GCC_WARN_64_TO_32_BIT_CONVERSION = YES;
				GCC_WARN_ABOUT_RETURN_TYPE = YES_ERROR;
				GCC_WARN_UNDECLARED_SELECTOR = YES;
				GCC_WARN_UNINITIALIZED_AUTOS = YES_AGGRESSIVE;
				GCC_WARN_UNUSED_FUNCTION = YES;
				GCC_WARN_UNUSED_VARIABLE = YES;
				IPHONEOS_DEPLOYMENT_TARGET = 12.1;
				MTL_ENABLE_DEBUG_INFO = INCLUDE_SOURCE;
				MTL_FAST_MATH = YES;
				ONLY_ACTIVE_ARCH = YES;
				SDKROOT = iphoneos;
				SWIFT_ACTIVE_COMPILATION_CONDITIONS = DEBUG;
				SWIFT_OPTIMIZATION_LEVEL = "-Onone";
			};
			name = Debug;
		};
		B4D7063A22890D5900605F84 /* Release */ = {
			isa = XCBuildConfiguration;
			buildSettings = {
				ALWAYS_SEARCH_USER_PATHS = NO;
				CLANG_ANALYZER_NONNULL = YES;
				CLANG_ANALYZER_NUMBER_OBJECT_CONVERSION = YES_AGGRESSIVE;
				CLANG_CXX_LANGUAGE_STANDARD = "gnu++14";
				CLANG_CXX_LIBRARY = "libc++";
				CLANG_ENABLE_MODULES = YES;
				CLANG_ENABLE_OBJC_ARC = YES;
				CLANG_ENABLE_OBJC_WEAK = YES;
				CLANG_WARN_BLOCK_CAPTURE_AUTORELEASING = YES;
				CLANG_WARN_BOOL_CONVERSION = YES;
				CLANG_WARN_COMMA = YES;
				CLANG_WARN_CONSTANT_CONVERSION = YES;
				CLANG_WARN_DEPRECATED_OBJC_IMPLEMENTATIONS = YES;
				CLANG_WARN_DIRECT_OBJC_ISA_USAGE = YES_ERROR;
				CLANG_WARN_DOCUMENTATION_COMMENTS = YES;
				CLANG_WARN_EMPTY_BODY = YES;
				CLANG_WARN_ENUM_CONVERSION = YES;
				CLANG_WARN_INFINITE_RECURSION = YES;
				CLANG_WARN_INT_CONVERSION = YES;
				CLANG_WARN_NON_LITERAL_NULL_CONVERSION = YES;
				CLANG_WARN_OBJC_IMPLICIT_RETAIN_SELF = YES;
				CLANG_WARN_OBJC_LITERAL_CONVERSION = YES;
				CLANG_WARN_OBJC_ROOT_CLASS = YES_ERROR;
				CLANG_WARN_RANGE_LOOP_ANALYSIS = YES;
				CLANG_WARN_STRICT_PROTOTYPES = YES;
				CLANG_WARN_SUSPICIOUS_MOVE = YES;
				CLANG_WARN_UNGUARDED_AVAILABILITY = YES_AGGRESSIVE;
				CLANG_WARN_UNREACHABLE_CODE = YES;
				CLANG_WARN__DUPLICATE_METHOD_MATCH = YES;
				CODE_SIGN_IDENTITY = "iPhone Developer";
				COPY_PHASE_STRIP = NO;
				DEBUG_INFORMATION_FORMAT = "dwarf-with-dsym";
				ENABLE_NS_ASSERTIONS = NO;
				ENABLE_STRICT_OBJC_MSGSEND = YES;
				GCC_C_LANGUAGE_STANDARD = gnu11;
				GCC_NO_COMMON_BLOCKS = YES;
				GCC_WARN_64_TO_32_BIT_CONVERSION = YES;
				GCC_WARN_ABOUT_RETURN_TYPE = YES_ERROR;
				GCC_WARN_UNDECLARED_SELECTOR = YES;
				GCC_WARN_UNINITIALIZED_AUTOS = YES_AGGRESSIVE;
				GCC_WARN_UNUSED_FUNCTION = YES;
				GCC_WARN_UNUSED_VARIABLE = YES;
				IPHONEOS_DEPLOYMENT_TARGET = 12.1;
				MTL_ENABLE_DEBUG_INFO = NO;
				MTL_FAST_MATH = YES;
				SDKROOT = iphoneos;
				SWIFT_COMPILATION_MODE = wholemodule;
				SWIFT_OPTIMIZATION_LEVEL = "-O";
				VALIDATE_PRODUCT = YES;
			};
			name = Release;
		};
		B4D7063C22890D5900605F84 /* Debug */ = {
			isa = XCBuildConfiguration;
			buildSettings = {
				ASSETCATALOG_COMPILER_APPICON_NAME = AppIcon;
				CODE_SIGN_STYLE = Automatic;
				DEVELOPMENT_TEAM = 6C99TY569A;
				INFOPLIST_FILE = App/Info.plist;
				IPHONEOS_DEPLOYMENT_TARGET = 10.0;
				LD_RUNPATH_SEARCH_PATHS = (
					"$(inherited)",
					"@executable_path/Frameworks",
				);
				PRODUCT_BUNDLE_IDENTIFIER = Test.App;
				PRODUCT_NAME = "$(TARGET_NAME)";
				SWIFT_VERSION = 4.2;
				TARGETED_DEVICE_FAMILY = "1,2";
			};
			name = Debug;
		};
		B4D7063D22890D5900605F84 /* Release */ = {
			isa = XCBuildConfiguration;
			buildSettings = {
				ASSETCATALOG_COMPILER_APPICON_NAME = AppIcon;
				CODE_SIGN_STYLE = Automatic;
				DEVELOPMENT_TEAM = 6C99TY569A;
				INFOPLIST_FILE = App/Info.plist;
				IPHONEOS_DEPLOYMENT_TARGET = 10.0;
				LD_RUNPATH_SEARCH_PATHS = (
					"$(inherited)",
					"@executable_path/Frameworks",
				);
				PRODUCT_BUNDLE_IDENTIFIER = Test.App;
				PRODUCT_NAME = "$(TARGET_NAME)";
				SWIFT_VERSION = 4.2;
				TARGETED_DEVICE_FAMILY = "1,2";
			};
			name = Release;
		};
		B4D7063F22890D5900605F84 /* Debug */ = {
			isa = XCBuildConfiguration;
			buildSettings = {
				ALWAYS_EMBED_SWIFT_STANDARD_LIBRARIES = YES;
				BUNDLE_LOADER = "$(TEST_HOST)";
				CODE_SIGN_STYLE = Automatic;
				INFOPLIST_FILE = AppTests/Info.plist;
				LD_RUNPATH_SEARCH_PATHS = (
					"$(inherited)",
					"@executable_path/Frameworks",
					"@loader_path/Frameworks",
				);
				PRODUCT_BUNDLE_IDENTIFIER = Test.AppTests;
				PRODUCT_NAME = "$(TARGET_NAME)";
				SWIFT_VERSION = 4.2;
				TARGETED_DEVICE_FAMILY = "1,2";
				TEST_HOST = "$(BUILT_PRODUCTS_DIR)/App.app/App";
			};
			name = Debug;
		};
		B4D7064022890D5900605F84 /* Release */ = {
			isa = XCBuildConfiguration;
			buildSettings = {
				ALWAYS_EMBED_SWIFT_STANDARD_LIBRARIES = YES;
				BUNDLE_LOADER = "$(TEST_HOST)";
				CODE_SIGN_STYLE = Automatic;
				INFOPLIST_FILE = AppTests/Info.plist;
				LD_RUNPATH_SEARCH_PATHS = (
					"$(inherited)",
					"@executable_path/Frameworks",
					"@loader_path/Frameworks",
				);
				PRODUCT_BUNDLE_IDENTIFIER = Test.AppTests;
				PRODUCT_NAME = "$(TARGET_NAME)";
				SWIFT_VERSION = 4.2;
				TARGETED_DEVICE_FAMILY = "1,2";
				TEST_HOST = "$(BUILT_PRODUCTS_DIR)/App.app/App";
			};
			name = Release;
		};
		B4D7064222890D5900605F84 /* Debug */ = {
			isa = XCBuildConfiguration;
			buildSettings = {
				ALWAYS_EMBED_SWIFT_STANDARD_LIBRARIES = YES;
				CODE_SIGN_STYLE = Automatic;
				INFOPLIST_FILE = AppUITests/Info.plist;
				LD_RUNPATH_SEARCH_PATHS = (
					"$(inherited)",
					"@executable_path/Frameworks",
					"@loader_path/Frameworks",
				);
				PRODUCT_BUNDLE_IDENTIFIER = Test.AppUITests;
				PRODUCT_NAME = "$(TARGET_NAME)";
				SWIFT_VERSION = 4.2;
				TARGETED_DEVICE_FAMILY = "1,2";
				TEST_TARGET_NAME = App;
			};
			name = Debug;
		};
		B4D7064322890D5900605F84 /* Release */ = {
			isa = XCBuildConfiguration;
			buildSettings = {
				ALWAYS_EMBED_SWIFT_STANDARD_LIBRARIES = YES;
				CODE_SIGN_STYLE = Automatic;
				INFOPLIST_FILE = AppUITests/Info.plist;
				LD_RUNPATH_SEARCH_PATHS = (
					"$(inherited)",
					"@executable_path/Frameworks",
					"@loader_path/Frameworks",
				);
				PRODUCT_BUNDLE_IDENTIFIER = Test.AppUITests;
				PRODUCT_NAME = "$(TARGET_NAME)";
				SWIFT_VERSION = 4.2;
				TARGETED_DEVICE_FAMILY = "1,2";
				TEST_TARGET_NAME = App;
			};
			name = Release;
		};
/* End XCBuildConfiguration section */

/* Begin XCConfigurationList section */
		B4D7060E22890D5600605F84 /* Build configuration list for PBXProject "App" */ = {
			isa = XCConfigurationList;
			buildConfigurations = (
				B4D7063922890D5900605F84 /* Debug */,
				B4D7063A22890D5900605F84 /* Release */,
			);
			defaultConfigurationIsVisible = 0;
			defaultConfigurationName = Release;
		};
		B4D7063B22890D5900605F84 /* Build configuration list for PBXNativeTarget "App" */ = {
			isa = XCConfigurationList;
			buildConfigurations = (
				B4D7063C22890D5900605F84 /* Debug */,
				B4D7063D22890D5900605F84 /* Release */,
			);
			defaultConfigurationIsVisible = 0;
			defaultConfigurationName = Release;
		};
		B4D7063E22890D5900605F84 /* Build configuration list for PBXNativeTarget "AppTests" */ = {
			isa = XCConfigurationList;
			buildConfigurations = (
				B4D7063F22890D5900605F84 /* Debug */,
				B4D7064022890D5900605F84 /* Release */,
			);
			defaultConfigurationIsVisible = 0;
			defaultConfigurationName = Release;
		};
		B4D7064122890D5900605F84 /* Build configuration list for PBXNativeTarget "AppUITests" */ = {
			isa = XCConfigurationList;
			buildConfigurations = (
				B4D7064222890D5900605F84 /* Debug */,
				B4D7064322890D5900605F84 /* Release */,
			);
			defaultConfigurationIsVisible = 0;
			defaultConfigurationName = Release;
		};
/* End XCConfigurationList section */
	};
	rootObject = B4D7060B22890D5600605F84 /* Project object */;
}
