// !$*UTF8*$!
{
	archiveVersion = 1;
	classes = {
	};
	objectVersion = 50;
	objects = {

/* Begin PBXBuildFile section */
		B40311732285201200776133 /* AppDelegate.swift in Sources */ = {isa = PBXBuildFile; fileRef = B40311722285201200776133 /* AppDelegate.swift */; };
		B40311752285201200776133 /* ViewController.swift in Sources */ = {isa = PBXBuildFile; fileRef = B40311742285201200776133 /* ViewController.swift */; };
		B40311782285201200776133 /* Main.storyboard in Resources */ = {isa = PBXBuildFile; fileRef = B40311762285201200776133 /* Main.storyboard */; };
		B403117A2285201500776133 /* Assets.xcassets in Resources */ = {isa = PBXBuildFile; fileRef = B40311792285201500776133 /* Assets.xcassets */; };
		B403117D2285201500776133 /* LaunchScreen.storyboard in Resources */ = {isa = PBXBuildFile; fileRef = B403117B2285201500776133 /* LaunchScreen.storyboard */; };
		B40311882285201500776133 /* TableViewTests.swift in Sources */ = {isa = PBXBuildFile; fileRef = B40311872285201500776133 /* TableViewTests.swift */; };
		B40311932285201500776133 /* TableViewUITests.swift in Sources */ = {isa = PBXBuildFile; fileRef = B40311922285201500776133 /* TableViewUITests.swift */; };
		B40311A12285215F00776133 /* tableViewCell.swift in Sources */ = {isa = PBXBuildFile; fileRef = B40311A02285215F00776133 /* tableViewCell.swift */; };
		B40311A322852F7600776133 /* ImageView.swift in Sources */ = {isa = PBXBuildFile; fileRef = B40311A222852F7600776133 /* ImageView.swift */; };
		B42E8B9922857FA5000CA587 /* ViewController2.swift in Sources */ = {isa = PBXBuildFile; fileRef = B42E8B9822857FA5000CA587 /* ViewController2.swift */; };
		B42E8B9B22858029000CA587 /* tableview2.swift in Sources */ = {isa = PBXBuildFile; fileRef = B42E8B9A22858029000CA587 /* tableview2.swift */; };
		B42E8B9D228581C1000CA587 /* tableView.swift in Sources */ = {isa = PBXBuildFile; fileRef = B42E8B9C228581C1000CA587 /* tableView.swift */; };
/* End PBXBuildFile section */

/* Begin PBXContainerItemProxy section */
		B40311842285201500776133 /* PBXContainerItemProxy */ = {
			isa = PBXContainerItemProxy;
			containerPortal = B40311672285201200776133 /* Project object */;
			proxyType = 1;
			remoteGlobalIDString = B403116E2285201200776133;
			remoteInfo = TableView;
		};
		B403118F2285201500776133 /* PBXContainerItemProxy */ = {
			isa = PBXContainerItemProxy;
			containerPortal = B40311672285201200776133 /* Project object */;
			proxyType = 1;
			remoteGlobalIDString = B403116E2285201200776133;
			remoteInfo = TableView;
		};
/* End PBXContainerItemProxy section */

/* Begin PBXFileReference section */
		B403116F2285201200776133 /* TableView.app */ = {isa = PBXFileReference; explicitFileType = wrapper.application; includeInIndex = 0; path = TableView.app; sourceTree = BUILT_PRODUCTS_DIR; };
		B40311722285201200776133 /* AppDelegate.swift */ = {isa = PBXFileReference; lastKnownFileType = sourcecode.swift; path = AppDelegate.swift; sourceTree = "<group>"; };
		B40311742285201200776133 /* ViewController.swift */ = {isa = PBXFileReference; lastKnownFileType = sourcecode.swift; path = ViewController.swift; sourceTree = "<group>"; };
		B40311772285201200776133 /* Base */ = {isa = PBXFileReference; lastKnownFileType = file.storyboard; name = Base; path = Base.lproj/Main.storyboard; sourceTree = "<group>"; };
		B40311792285201500776133 /* Assets.xcassets */ = {isa = PBXFileReference; lastKnownFileType = folder.assetcatalog; path = Assets.xcassets; sourceTree = "<group>"; };
		B403117C2285201500776133 /* Base */ = {isa = PBXFileReference; lastKnownFileType = file.storyboard; name = Base; path = Base.lproj/LaunchScreen.storyboard; sourceTree = "<group>"; };
		B403117E2285201500776133 /* Info.plist */ = {isa = PBXFileReference; lastKnownFileType = text.plist.xml; path = Info.plist; sourceTree = "<group>"; };
		B40311832285201500776133 /* TableViewTests.xctest */ = {isa = PBXFileReference; explicitFileType = wrapper.cfbundle; includeInIndex = 0; path = TableViewTests.xctest; sourceTree = BUILT_PRODUCTS_DIR; };
		B40311872285201500776133 /* TableViewTests.swift */ = {isa = PBXFileReference; lastKnownFileType = sourcecode.swift; path = TableViewTests.swift; sourceTree = "<group>"; };
		B40311892285201500776133 /* Info.plist */ = {isa = PBXFileReference; lastKnownFileType = text.plist.xml; path = Info.plist; sourceTree = "<group>"; };
		B403118E2285201500776133 /* TableViewUITests.xctest */ = {isa = PBXFileReference; explicitFileType = wrapper.cfbundle; includeInIndex = 0; path = TableViewUITests.xctest; sourceTree = BUILT_PRODUCTS_DIR; };
		B40311922285201500776133 /* TableViewUITests.swift */ = {isa = PBXFileReference; lastKnownFileType = sourcecode.swift; path = TableViewUITests.swift; sourceTree = "<group>"; };
		B40311942285201500776133 /* Info.plist */ = {isa = PBXFileReference; lastKnownFileType = text.plist.xml; path = Info.plist; sourceTree = "<group>"; };
		B40311A02285215F00776133 /* tableViewCell.swift */ = {isa = PBXFileReference; lastKnownFileType = sourcecode.swift; path = tableViewCell.swift; sourceTree = "<group>"; };
		B40311A222852F7600776133 /* ImageView.swift */ = {isa = PBXFileReference; lastKnownFileType = sourcecode.swift; path = ImageView.swift; sourceTree = "<group>"; };
		B42E8B9822857FA5000CA587 /* ViewController2.swift */ = {isa = PBXFileReference; lastKnownFileType = sourcecode.swift; path = ViewController2.swift; sourceTree = "<group>"; };
		B42E8B9A22858029000CA587 /* tableview2.swift */ = {isa = PBXFileReference; lastKnownFileType = sourcecode.swift; path = tableview2.swift; sourceTree = "<group>"; };
		B42E8B9C228581C1000CA587 /* tableView.swift */ = {isa = PBXFileReference; lastKnownFileType = sourcecode.swift; path = tableView.swift; sourceTree = "<group>"; };
/* End PBXFileReference section */

/* Begin PBXFrameworksBuildPhase section */
		B403116C2285201200776133 /* Frameworks */ = {
			isa = PBXFrameworksBuildPhase;
			buildActionMask = 2147483647;
			files = (
			);
			runOnlyForDeploymentPostprocessing = 0;
		};
		B40311802285201500776133 /* Frameworks */ = {
			isa = PBXFrameworksBuildPhase;
			buildActionMask = 2147483647;
			files = (
			);
			runOnlyForDeploymentPostprocessing = 0;
		};
		B403118B2285201500776133 /* Frameworks */ = {
			isa = PBXFrameworksBuildPhase;
			buildActionMask = 2147483647;
			files = (
			);
			runOnlyForDeploymentPostprocessing = 0;
		};
/* End PBXFrameworksBuildPhase section */

/* Begin PBXGroup section */
		B40311662285201200776133 = {
			isa = PBXGroup;
			children = (
				B40311712285201200776133 /* TableView */,
				B40311862285201500776133 /* TableViewTests */,
				B40311912285201500776133 /* TableViewUITests */,
				B40311702285201200776133 /* Products */,
			);
			sourceTree = "<group>";
		};
		B40311702285201200776133 /* Products */ = {
			isa = PBXGroup;
			children = (
				B403116F2285201200776133 /* TableView.app */,
				B40311832285201500776133 /* TableViewTests.xctest */,
				B403118E2285201500776133 /* TableViewUITests.xctest */,
			);
			name = Products;
			sourceTree = "<group>";
		};
		B40311712285201200776133 /* TableView */ = {
			isa = PBXGroup;
			children = (
				B40311722285201200776133 /* AppDelegate.swift */,
				B40311742285201200776133 /* ViewController.swift */,
				B40311762285201200776133 /* Main.storyboard */,
				B40311792285201500776133 /* Assets.xcassets */,
				B403117B2285201500776133 /* LaunchScreen.storyboard */,
				B403117E2285201500776133 /* Info.plist */,
				B40311A02285215F00776133 /* tableViewCell.swift */,
				B40311A222852F7600776133 /* ImageView.swift */,
				B42E8B9822857FA5000CA587 /* ViewController2.swift */,
				B42E8B9A22858029000CA587 /* tableview2.swift */,
				B42E8B9C228581C1000CA587 /* tableView.swift */,
			);
			path = TableView;
			sourceTree = "<group>";
		};
		B40311862285201500776133 /* TableViewTests */ = {
			isa = PBXGroup;
			children = (
				B40311872285201500776133 /* TableViewTests.swift */,
				B40311892285201500776133 /* Info.plist */,
			);
			path = TableViewTests;
			sourceTree = "<group>";
		};
		B40311912285201500776133 /* TableViewUITests */ = {
			isa = PBXGroup;
			children = (
				B40311922285201500776133 /* TableViewUITests.swift */,
				B40311942285201500776133 /* Info.plist */,
			);
			path = TableViewUITests;
			sourceTree = "<group>";
		};
/* End PBXGroup section */

/* Begin PBXNativeTarget section */
		B403116E2285201200776133 /* TableView */ = {
			isa = PBXNativeTarget;
			buildConfigurationList = B40311972285201500776133 /* Build configuration list for PBXNativeTarget "TableView" */;
			buildPhases = (
				B403116B2285201200776133 /* Sources */,
				B403116C2285201200776133 /* Frameworks */,
				B403116D2285201200776133 /* Resources */,
			);
			buildRules = (
			);
			dependencies = (
			);
			name = TableView;
			productName = TableView;
			productReference = B403116F2285201200776133 /* TableView.app */;
			productType = "com.apple.product-type.application";
		};
		B40311822285201500776133 /* TableViewTests */ = {
			isa = PBXNativeTarget;
			buildConfigurationList = B403119A2285201500776133 /* Build configuration list for PBXNativeTarget "TableViewTests" */;
			buildPhases = (
				B403117F2285201500776133 /* Sources */,
				B40311802285201500776133 /* Frameworks */,
				B40311812285201500776133 /* Resources */,
			);
			buildRules = (
			);
			dependencies = (
				B40311852285201500776133 /* PBXTargetDependency */,
			);
			name = TableViewTests;
			productName = TableViewTests;
			productReference = B40311832285201500776133 /* TableViewTests.xctest */;
			productType = "com.apple.product-type.bundle.unit-test";
		};
		B403118D2285201500776133 /* TableViewUITests */ = {
			isa = PBXNativeTarget;
			buildConfigurationList = B403119D2285201500776133 /* Build configuration list for PBXNativeTarget "TableViewUITests" */;
			buildPhases = (
				B403118A2285201500776133 /* Sources */,
				B403118B2285201500776133 /* Frameworks */,
				B403118C2285201500776133 /* Resources */,
			);
			buildRules = (
			);
			dependencies = (
				B40311902285201500776133 /* PBXTargetDependency */,
			);
			name = TableViewUITests;
			productName = TableViewUITests;
			productReference = B403118E2285201500776133 /* TableViewUITests.xctest */;
			productType = "com.apple.product-type.bundle.ui-testing";
		};
/* End PBXNativeTarget section */

/* Begin PBXProject section */
		B40311672285201200776133 /* Project object */ = {
			isa = PBXProject;
			attributes = {
				LastSwiftUpdateCheck = 1010;
				LastUpgradeCheck = 1010;
				ORGANIZATIONNAME = "Nguyen Hoang Huy";
				TargetAttributes = {
					B403116E2285201200776133 = {
						CreatedOnToolsVersion = 10.1;
					};
					B40311822285201500776133 = {
						CreatedOnToolsVersion = 10.1;
						TestTargetID = B403116E2285201200776133;
					};
					B403118D2285201500776133 = {
						CreatedOnToolsVersion = 10.1;
						TestTargetID = B403116E2285201200776133;
					};
				};
			};
			buildConfigurationList = B403116A2285201200776133 /* Build configuration list for PBXProject "TableView" */;
			compatibilityVersion = "Xcode 9.3";
			developmentRegion = en;
			hasScannedForEncodings = 0;
			knownRegions = (
				en,
				Base,
			);
			mainGroup = B40311662285201200776133;
			productRefGroup = B40311702285201200776133 /* Products */;
			projectDirPath = "";
			projectRoot = "";
			targets = (
				B403116E2285201200776133 /* TableView */,
				B40311822285201500776133 /* TableViewTests */,
				B403118D2285201500776133 /* TableViewUITests */,
			);
		};
/* End PBXProject section */

/* Begin PBXResourcesBuildPhase section */
		B403116D2285201200776133 /* Resources */ = {
			isa = PBXResourcesBuildPhase;
			buildActionMask = 2147483647;
			files = (
				B403117D2285201500776133 /* LaunchScreen.storyboard in Resources */,
				B403117A2285201500776133 /* Assets.xcassets in Resources */,
				B40311782285201200776133 /* Main.storyboard in Resources */,
			);
			runOnlyForDeploymentPostprocessing = 0;
		};
		B40311812285201500776133 /* Resources */ = {
			isa = PBXResourcesBuildPhase;
			buildActionMask = 2147483647;
			files = (
			);
			runOnlyForDeploymentPostprocessing = 0;
		};
		B403118C2285201500776133 /* Resources */ = {
			isa = PBXResourcesBuildPhase;
			buildActionMask = 2147483647;
			files = (
			);
			runOnlyForDeploymentPostprocessing = 0;
		};
/* End PBXResourcesBuildPhase section */

/* Begin PBXSourcesBuildPhase section */
		B403116B2285201200776133 /* Sources */ = {
			isa = PBXSourcesBuildPhase;
			buildActionMask = 2147483647;
			files = (
				B42E8B9B22858029000CA587 /* tableview2.swift in Sources */,
				B42E8B9922857FA5000CA587 /* ViewController2.swift in Sources */,
				B40311A322852F7600776133 /* ImageView.swift in Sources */,
				B40311752285201200776133 /* ViewController.swift in Sources */,
				B42E8B9D228581C1000CA587 /* tableView.swift in Sources */,
				B40311732285201200776133 /* AppDelegate.swift in Sources */,
				B40311A12285215F00776133 /* tableViewCell.swift in Sources */,
			);
			runOnlyForDeploymentPostprocessing = 0;
		};
		B403117F2285201500776133 /* Sources */ = {
			isa = PBXSourcesBuildPhase;
			buildActionMask = 2147483647;
			files = (
				B40311882285201500776133 /* TableViewTests.swift in Sources */,
			);
			runOnlyForDeploymentPostprocessing = 0;
		};
		B403118A2285201500776133 /* Sources */ = {
			isa = PBXSourcesBuildPhase;
			buildActionMask = 2147483647;
			files = (
				B40311932285201500776133 /* TableViewUITests.swift in Sources */,
			);
			runOnlyForDeploymentPostprocessing = 0;
		};
/* End PBXSourcesBuildPhase section */

/* Begin PBXTargetDependency section */
		B40311852285201500776133 /* PBXTargetDependency */ = {
			isa = PBXTargetDependency;
			target = B403116E2285201200776133 /* TableView */;
			targetProxy = B40311842285201500776133 /* PBXContainerItemProxy */;
		};
		B40311902285201500776133 /* PBXTargetDependency */ = {
			isa = PBXTargetDependency;
			target = B403116E2285201200776133 /* TableView */;
			targetProxy = B403118F2285201500776133 /* PBXContainerItemProxy */;
		};
/* End PBXTargetDependency section */

/* Begin PBXVariantGroup section */
		B40311762285201200776133 /* Main.storyboard */ = {
			isa = PBXVariantGroup;
			children = (
				B40311772285201200776133 /* Base */,
			);
			name = Main.storyboard;
			sourceTree = "<group>";
		};
		B403117B2285201500776133 /* LaunchScreen.storyboard */ = {
			isa = PBXVariantGroup;
			children = (
				B403117C2285201500776133 /* Base */,
			);
			name = LaunchScreen.storyboard;
			sourceTree = "<group>";
		};
/* End PBXVariantGroup section */

/* Begin XCBuildConfiguration section */
		B40311952285201500776133 /* Debug */ = {
			isa = XCBuildConfiguration;
			buildSettings = {
				ALWAYS_SEARCH_USER_PATHS = NO;
				CLANG_ANALYZER_NONNULL = YES;
				CLANG_ANALYZER_NUMBER_OBJECT_CONVERSION = YES_AGGRESSIVE;
				CLANG_CXX_LANGUAGE_STANDARD = "gnu++14";
				CLANG_CXX_LIBRARY = "libc++";
				CLANG_ENABLE_MODULES = YES;
				CLANG_ENABLE_OBJC_ARC = YES;
				CLANG_ENABLE_OBJC_WEAK = YES;
				CLANG_WARN_BLOCK_CAPTURE_AUTORELEASING = YES;
				CLANG_WARN_BOOL_CONVERSION = YES;
				CLANG_WARN_COMMA = YES;
				CLANG_WARN_CONSTANT_CONVERSION = YES;
				CLANG_WARN_DEPRECATED_OBJC_IMPLEMENTATIONS = YES;
				CLANG_WARN_DIRECT_OBJC_ISA_USAGE = YES_ERROR;
				CLANG_WARN_DOCUMENTATION_COMMENTS = YES;
				CLANG_WARN_EMPTY_BODY = YES;
				CLANG_WARN_ENUM_CONVERSION = YES;
				CLANG_WARN_INFINITE_RECURSION = YES;
				CLANG_WARN_INT_CONVERSION = YES;
				CLANG_WARN_NON_LITERAL_NULL_CONVERSION = YES;
				CLANG_WARN_OBJC_IMPLICIT_RETAIN_SELF = YES;
				CLANG_WARN_OBJC_LITERAL_CONVERSION = YES;
				CLANG_WARN_OBJC_ROOT_CLASS = YES_ERROR;
				CLANG_WARN_RANGE_LOOP_ANALYSIS = YES;
				CLANG_WARN_STRICT_PROTOTYPES = YES;
				CLANG_WARN_SUSPICIOUS_MOVE = YES;
				CLANG_WARN_UNGUARDED_AVAILABILITY = YES_AGGRESSIVE;
				CLANG_WARN_UNREACHABLE_CODE = YES;
				CLANG_WARN__DUPLICATE_METHOD_MATCH = YES;
				CODE_SIGN_IDENTITY = "iPhone Developer";
				COPY_PHASE_STRIP = NO;
				DEBUG_INFORMATION_FORMAT = dwarf;
				ENABLE_STRICT_OBJC_MSGSEND = YES;
				ENABLE_TESTABILITY = YES;
				GCC_C_LANGUAGE_STANDARD = gnu11;
				GCC_DYNAMIC_NO_PIC = NO;
				GCC_NO_COMMON_BLOCKS = YES;
				GCC_OPTIMIZATION_LEVEL = 0;
				GCC_PREPROCESSOR_DEFINITIONS = (
					"DEBUG=1",
					"$(inherited)",
				);
				GCC_WARN_64_TO_32_BIT_CONVERSION = YES;
				GCC_WARN_ABOUT_RETURN_TYPE = YES_ERROR;
				GCC_WARN_UNDECLARED_SELECTOR = YES;
				GCC_WARN_UNINITIALIZED_AUTOS = YES_AGGRESSIVE;
				GCC_WARN_UNUSED_FUNCTION = YES;
				GCC_WARN_UNUSED_VARIABLE = YES;
				IPHONEOS_DEPLOYMENT_TARGET = 12.1;
				MTL_ENABLE_DEBUG_INFO = INCLUDE_SOURCE;
				MTL_FAST_MATH = YES;
				ONLY_ACTIVE_ARCH = YES;
				SDKROOT = iphoneos;
				SWIFT_ACTIVE_COMPILATION_CONDITIONS = DEBUG;
				SWIFT_OPTIMIZATION_LEVEL = "-Onone";
			};
			name = Debug;
		};
		B40311962285201500776133 /* Release */ = {
			isa = XCBuildConfiguration;
			buildSettings = {
				ALWAYS_SEARCH_USER_PATHS = NO;
				CLANG_ANALYZER_NONNULL = YES;
				CLANG_ANALYZER_NUMBER_OBJECT_CONVERSION = YES_AGGRESSIVE;
				CLANG_CXX_LANGUAGE_STANDARD = "gnu++14";
				CLANG_CXX_LIBRARY = "libc++";
				CLANG_ENABLE_MODULES = YES;
				CLANG_ENABLE_OBJC_ARC = YES;
				CLANG_ENABLE_OBJC_WEAK = YES;
				CLANG_WARN_BLOCK_CAPTURE_AUTORELEASING = YES;
				CLANG_WARN_BOOL_CONVERSION = YES;
				CLANG_WARN_COMMA = YES;
				CLANG_WARN_CONSTANT_CONVERSION = YES;
				CLANG_WARN_DEPRECATED_OBJC_IMPLEMENTATIONS = YES;
				CLANG_WARN_DIRECT_OBJC_ISA_USAGE = YES_ERROR;
				CLANG_WARN_DOCUMENTATION_COMMENTS = YES;
				CLANG_WARN_EMPTY_BODY = YES;
				CLANG_WARN_ENUM_CONVERSION = YES;
				CLANG_WARN_INFINITE_RECURSION = YES;
				CLANG_WARN_INT_CONVERSION = YES;
				CLANG_WARN_NON_LITERAL_NULL_CONVERSION = YES;
				CLANG_WARN_OBJC_IMPLICIT_RETAIN_SELF = YES;
				CLANG_WARN_OBJC_LITERAL_CONVERSION = YES;
				CLANG_WARN_OBJC_ROOT_CLASS = YES_ERROR;
				CLANG_WARN_RANGE_LOOP_ANALYSIS = YES;
				CLANG_WARN_STRICT_PROTOTYPES = YES;
				CLANG_WARN_SUSPICIOUS_MOVE = YES;
				CLANG_WARN_UNGUARDED_AVAILABILITY = YES_AGGRESSIVE;
				CLANG_WARN_UNREACHABLE_CODE = YES;
				CLANG_WARN__DUPLICATE_METHOD_MATCH = YES;
				CODE_SIGN_IDENTITY = "iPhone Developer";
				COPY_PHASE_STRIP = NO;
				DEBUG_INFORMATION_FORMAT = "dwarf-with-dsym";
				ENABLE_NS_ASSERTIONS = NO;
				ENABLE_STRICT_OBJC_MSGSEND = YES;
				GCC_C_LANGUAGE_STANDARD = gnu11;
				GCC_NO_COMMON_BLOCKS = YES;
				GCC_WARN_64_TO_32_BIT_CONVERSION = YES;
				GCC_WARN_ABOUT_RETURN_TYPE = YES_ERROR;
				GCC_WARN_UNDECLARED_SELECTOR = YES;
				GCC_WARN_UNINITIALIZED_AUTOS = YES_AGGRESSIVE;
				GCC_WARN_UNUSED_FUNCTION = YES;
				GCC_WARN_UNUSED_VARIABLE = YES;
				IPHONEOS_DEPLOYMENT_TARGET = 12.1;
				MTL_ENABLE_DEBUG_INFO = NO;
				MTL_FAST_MATH = YES;
				SDKROOT = iphoneos;
				SWIFT_COMPILATION_MODE = wholemodule;
				SWIFT_OPTIMIZATION_LEVEL = "-O";
				VALIDATE_PRODUCT = YES;
			};
			name = Release;
		};
		B40311982285201500776133 /* Debug */ = {
			isa = XCBuildConfiguration;
			buildSettings = {
				ASSETCATALOG_COMPILER_APPICON_NAME = AppIcon;
				CODE_SIGN_STYLE = Automatic;
				DEVELOPMENT_TEAM = 6C99TY569A;
				INFOPLIST_FILE = TableView/Info.plist;
				IPHONEOS_DEPLOYMENT_TARGET = 10.0;
				LD_RUNPATH_SEARCH_PATHS = (
					"$(inherited)",
					"@executable_path/Frameworks",
				);
				PRODUCT_BUNDLE_IDENTIFIER = Test.TableView;
				PRODUCT_NAME = "$(TARGET_NAME)";
				SWIFT_VERSION = 4.2;
				TARGETED_DEVICE_FAMILY = "1,2";
			};
			name = Debug;
		};
		B40311992285201500776133 /* Release */ = {
			isa = XCBuildConfiguration;
			buildSettings = {
				ASSETCATALOG_COMPILER_APPICON_NAME = AppIcon;
				CODE_SIGN_STYLE = Automatic;
				DEVELOPMENT_TEAM = 6C99TY569A;
				INFOPLIST_FILE = TableView/Info.plist;
				IPHONEOS_DEPLOYMENT_TARGET = 10.0;
				LD_RUNPATH_SEARCH_PATHS = (
					"$(inherited)",
					"@executable_path/Frameworks",
				);
				PRODUCT_BUNDLE_IDENTIFIER = Test.TableView;
				PRODUCT_NAME = "$(TARGET_NAME)";
				SWIFT_VERSION = 4.2;
				TARGETED_DEVICE_FAMILY = "1,2";
			};
			name = Release;
		};
		B403119B2285201500776133 /* Debug */ = {
			isa = XCBuildConfiguration;
			buildSettings = {
				ALWAYS_EMBED_SWIFT_STANDARD_LIBRARIES = YES;
				BUNDLE_LOADER = "$(TEST_HOST)";
				CODE_SIGN_STYLE = Automatic;
				INFOPLIST_FILE = TableViewTests/Info.plist;
				LD_RUNPATH_SEARCH_PATHS = (
					"$(inherited)",
					"@executable_path/Frameworks",
					"@loader_path/Frameworks",
				);
				PRODUCT_BUNDLE_IDENTIFIER = Test.TableViewTests;
				PRODUCT_NAME = "$(TARGET_NAME)";
				SWIFT_VERSION = 4.2;
				TARGETED_DEVICE_FAMILY = "1,2";
				TEST_HOST = "$(BUILT_PRODUCTS_DIR)/TableView.app/TableView";
			};
			name = Debug;
		};
		B403119C2285201500776133 /* Release */ = {
			isa = XCBuildConfiguration;
			buildSettings = {
				ALWAYS_EMBED_SWIFT_STANDARD_LIBRARIES = YES;
				BUNDLE_LOADER = "$(TEST_HOST)";
				CODE_SIGN_STYLE = Automatic;
				INFOPLIST_FILE = TableViewTests/Info.plist;
				LD_RUNPATH_SEARCH_PATHS = (
					"$(inherited)",
					"@executable_path/Frameworks",
					"@loader_path/Frameworks",
				);
				PRODUCT_BUNDLE_IDENTIFIER = Test.TableViewTests;
				PRODUCT_NAME = "$(TARGET_NAME)";
				SWIFT_VERSION = 4.2;
				TARGETED_DEVICE_FAMILY = "1,2";
				TEST_HOST = "$(BUILT_PRODUCTS_DIR)/TableView.app/TableView";
			};
			name = Release;
		};
		B403119E2285201500776133 /* Debug */ = {
			isa = XCBuildConfiguration;
			buildSettings = {
				ALWAYS_EMBED_SWIFT_STANDARD_LIBRARIES = YES;
				CODE_SIGN_STYLE = Automatic;
				INFOPLIST_FILE = TableViewUITests/Info.plist;
				LD_RUNPATH_SEARCH_PATHS = (
					"$(inherited)",
					"@executable_path/Frameworks",
					"@loader_path/Frameworks",
				);
				PRODUCT_BUNDLE_IDENTIFIER = Test.TableViewUITests;
				PRODUCT_NAME = "$(TARGET_NAME)";
				SWIFT_VERSION = 4.2;
				TARGETED_DEVICE_FAMILY = "1,2";
				TEST_TARGET_NAME = TableView;
			};
			name = Debug;
		};
		B403119F2285201500776133 /* Release */ = {
			isa = XCBuildConfiguration;
			buildSettings = {
				ALWAYS_EMBED_SWIFT_STANDARD_LIBRARIES = YES;
				CODE_SIGN_STYLE = Automatic;
				INFOPLIST_FILE = TableViewUITests/Info.plist;
				LD_RUNPATH_SEARCH_PATHS = (
					"$(inherited)",
					"@executable_path/Frameworks",
					"@loader_path/Frameworks",
				);
				PRODUCT_BUNDLE_IDENTIFIER = Test.TableViewUITests;
				PRODUCT_NAME = "$(TARGET_NAME)";
				SWIFT_VERSION = 4.2;
				TARGETED_DEVICE_FAMILY = "1,2";
				TEST_TARGET_NAME = TableView;
			};
			name = Release;
		};
/* End XCBuildConfiguration section */

/* Begin XCConfigurationList section */
		B403116A2285201200776133 /* Build configuration list for PBXProject "TableView" */ = {
			isa = XCConfigurationList;
			buildConfigurations = (
				B40311952285201500776133 /* Debug */,
				B40311962285201500776133 /* Release */,
			);
			defaultConfigurationIsVisible = 0;
			defaultConfigurationName = Release;
		};
		B40311972285201500776133 /* Build configuration list for PBXNativeTarget "TableView" */ = {
			isa = XCConfigurationList;
			buildConfigurations = (
				B40311982285201500776133 /* Debug */,
				B40311992285201500776133 /* Release */,
			);
			defaultConfigurationIsVisible = 0;
			defaultConfigurationName = Release;
		};
		B403119A2285201500776133 /* Build configuration list for PBXNativeTarget "TableViewTests" */ = {
			isa = XCConfigurationList;
			buildConfigurations = (
				B403119B2285201500776133 /* Debug */,
				B403119C2285201500776133 /* Release */,
			);
			defaultConfigurationIsVisible = 0;
			defaultConfigurationName = Release;
		};
		B403119D2285201500776133 /* Build configuration list for PBXNativeTarget "TableViewUITests" */ = {
			isa = XCConfigurationList;
			buildConfigurations = (
				B403119E2285201500776133 /* Debug */,
				B403119F2285201500776133 /* Release */,
			);
			defaultConfigurationIsVisible = 0;
			defaultConfigurationName = Release;
		};
/* End XCConfigurationList section */
	};
	rootObject = B40311672285201200776133 /* Project object */;
}
